
Microsoft Visual Studio Solution File, Format Version 12.00
# Visual Studio Version 17
VisualStudioVersion = 17.12.35514.174 d17.12
MinimumVisualStudioVersion = 10.0.40219.1
Project("{FAE04EC0-301F-11D3-BF4B-00C04F79EFBC}") = "Calculadora_si", "Calculadora_si\Calculadora_si.csproj", "{EAE57765-831F-4581-93AB-A404C7335E0C}"
EndProject
Global
	GlobalSection(SolutionConfigurationPlatforms) = preSolution
		Debug|Any CPU = Debug|Any CPU
		Release|Any CPU = Release|Any CPU
	EndGlobalSection
	GlobalSection(ProjectConfigurationPlatforms) = postSolution
		{EAE57765-831F-4581-93AB-A404C7335E0C}.Debug|Any CPU.ActiveCfg = Debug|Any CPU
		{EAE57765-831F-4581-93AB-A404C7335E0C}.Debug|Any CPU.Build.0 = Debug|Any CPU
		{EAE57765-831F-4581-93AB-A404C7335E0C}.Release|Any CPU.ActiveCfg = Release|Any CPU
		{EAE57765-831F-4581-93AB-A404C7335E0C}.Release|Any CPU.Build.0 = Release|Any CPU
	EndGlobalSection
	GlobalSection(SolutionProperties) = preSolution
		HideSolutionNode = FALSE
	EndGlobalSection
EndGlobal
